
Microsoft Visual Studio Solution File, Format Version 12.00
# Visual Studio Version 16
VisualStudioVersion = 16.0.31605.320
MinimumVisualStudioVersion = 10.0.40219.1
Project("{FAE04EC0-301F-11D3-BF4B-00C04F79EFBC}") = "Sockets.Server", "Sockets.Server\Sockets.Server.csproj", "{4BE111A0-DDCA-40C5-BC2D-99A40FB98EE0}"
EndProject
Project("{FAE04EC0-301F-11D3-BF4B-00C04F79EFBC}") = "Csharp Keyword", "Csharp Keyword\Csharp Keyword.csproj", "{A8CAD7C8-6183-48B6-9FB8-B38477CFE44D}"
EndProject
Global
	GlobalSection(SolutionConfigurationPlatforms) = preSolution
		Debug|Any CPU = Debug|Any CPU
		Release|Any CPU = Release|Any CPU
	EndGlobalSection
	GlobalSection(ProjectConfigurationPlatforms) = postSolution
		{4BE111A0-DDCA-40C5-BC2D-99A40FB98EE0}.Debug|Any CPU.ActiveCfg = Debug|Any CPU
		{4BE111A0-DDCA-40C5-BC2D-99A40FB98EE0}.Debug|Any CPU.Build.0 = Debug|Any CPU
		{4BE111A0-DDCA-40C5-BC2D-99A40FB98EE0}.Release|Any CPU.ActiveCfg = Release|Any CPU
		{4BE111A0-DDCA-40C5-BC2D-99A40FB98EE0}.Release|Any CPU.Build.0 = Release|Any CPU
		{A8CAD7C8-6183-48B6-9FB8-B38477CFE44D}.Debug|Any CPU.ActiveCfg = Debug|Any CPU
		{A8CAD7C8-6183-48B6-9FB8-B38477CFE44D}.Debug|Any CPU.Build.0 = Debug|Any CPU
		{A8CAD7C8-6183-48B6-9FB8-B38477CFE44D}.Release|Any CPU.ActiveCfg = Release|Any CPU
		{A8CAD7C8-6183-48B6-9FB8-B38477CFE44D}.Release|Any CPU.Build.0 = Release|Any CPU
	EndGlobalSection
	GlobalSection(SolutionProperties) = preSolution
		HideSolutionNode = FALSE
	EndGlobalSection
	GlobalSection(ExtensibilityGlobals) = postSolution
		SolutionGuid = {C94F21A1-BEEC-40EA-A3D4-FC28DF341523}
	EndGlobalSection
EndGlobal
